
Microsoft Visual Studio Solution File, Format Version 9.00
# Visual Studio 2005
Project("{8BC9CEB8-8B4A-11D0-8D11-00A0C91BC942}") = "async_http_stream", "async_http_stream-vc2005.vcproj", "{B082E8C6-633B-4EC8-BA28-DE2942B9F4C2}"
EndProject
Global
	GlobalSection(SolutionConfigurationPlatforms) = preSolution
		Debug|Win32 = Debug|Win32
		Release|Win32 = Release|Win32
	EndGlobalSection
	GlobalSection(ProjectConfigurationPlatforms) = postSolution
		{B082E8C6-633B-4EC8-BA28-DE2942B9F4C2}.Debug|Win32.ActiveCfg = Debug|Win32
		{B082E8C6-633B-4EC8-BA28-DE2942B9F4C2}.Debug|Win32.Build.0 = Debug|Win32
		{B082E8C6-633B-4EC8-BA28-DE2942B9F4C2}.Release|Win32.ActiveCfg = Release|Win32
		{B082E8C6-633B-4EC8-BA28-DE2942B9F4C2}.Release|Win32.Build.0 = Release|Win32
	EndGlobalSection
	GlobalSection(SolutionProperties) = preSolution
		HideSolutionNode = FALSE
	EndGlobalSection
EndGlobal
