
Microsoft Visual Studio Solution File, Format Version 12.00
# Visual Studio 2012
Project("{8BC9CEB8-8B4A-11D0-8D11-00A0C91BC942}") = "percent_encoding_test-vc2012", "percent_encoding_test-vc2012.vcxproj", "{56E59C88-07BB-4DC5-962A-795BA0530EAE}"
EndProject
Global
	GlobalSection(SolutionConfigurationPlatforms) = preSolution
		Debug|Win32 = Debug|Win32
		Release|Win32 = Release|Win32
	EndGlobalSection
	GlobalSection(ProjectConfigurationPlatforms) = postSolution
		{56E59C88-07BB-4DC5-962A-795BA0530EAE}.Debug|Win32.ActiveCfg = Debug|Win32
		{56E59C88-07BB-4DC5-962A-795BA0530EAE}.Debug|Win32.Build.0 = Debug|Win32
		{56E59C88-07BB-4DC5-962A-795BA0530EAE}.Release|Win32.ActiveCfg = Release|Win32
		{56E59C88-07BB-4DC5-962A-795BA0530EAE}.Release|Win32.Build.0 = Release|Win32
	EndGlobalSection
	GlobalSection(SolutionProperties) = preSolution
		HideSolutionNode = FALSE
	EndGlobalSection
EndGlobal
