<?xml version="1.0" encoding="utf-8"?>
<Project ToolsVersion="4.0" xmlns="http://schemas.microsoft.com/developer/msbuild/2003">
  <ItemGroup>
    <Filter Include="源文件">
      <UniqueIdentifier>{4FC737F1-C7A5-4376-A066-2A32D752A2FF}</UniqueIdentifier>
      <Extensions>cpp;c;cc;cxx;def;odl;idl;hpj;bat;asm;asmx</Extensions>
    </Filter>
    <Filter Include="头文件">
      <UniqueIdentifier>{93995380-89BD-4b04-88EB-625FBE52EBFB}</UniqueIdentifier>
      <Extensions>h;hpp;hxx;hm;inl;inc;xsd</Extensions>
    </Filter>
    <Filter Include="资源文件">
      <UniqueIdentifier>{67DA6AB6-F800-4c08-8B7A-83BB121AAD01}</UniqueIdentifier>
      <Extensions>rc;ico;cur;bmp;dlg;rc2;rct;bin;rgs;gif;jpg;jpeg;jpe;resx;tiff;tif;png;wav</Extensions>
    </Filter>
    <Filter Include="头文件\avhttp">
      <UniqueIdentifier>{1508c6bd-50ea-431b-9ec1-49ad436c1ff0}</UniqueIdentifier>
    </Filter>
    <Filter Include="头文件\avhttp\detail">
      <UniqueIdentifier>{42627b62-82ed-4c48-8a1a-0c23c989ad21}</UniqueIdentifier>
    </Filter>
  </ItemGroup>
  <ItemGroup>
    <ClInclude Include="..\include\avhttp.hpp">
      <Filter>头文件</Filter>
    </ClInclude>
    <ClInclude Include="..\include\avhttp\http_stream.hpp">
      <Filter>头文件\avhttp</Filter>
    </ClInclude>
    <ClInclude Include="..\include\avhttp\url.hpp">
      <Filter>头文件\avhttp</Filter>
    </ClInclude>
    <ClInclude Include="..\include\avhttp\detail\abi_suffix.hpp">
      <Filter>头文件\avhttp\detail</Filter>
    </ClInclude>
    <ClInclude Include="..\include\avhttp\detail\error_codec.hpp">
      <Filter>头文件\avhttp\detail</Filter>
    </ClInclude>
    <ClInclude Include="..\include\avhttp\detail\parsers.hpp">
      <Filter>头文件\avhttp\detail</Filter>
    </ClInclude>
    <ClInclude Include="..\include\avhttp\detail\abi_prefix.hpp">
      <Filter>头文件\avhttp\detail</Filter>
    </ClInclude>
    <ClInclude Include="..\include\avhttp\detail\socket_type.hpp">
      <Filter>头文件\avhttp\detail</Filter>
    </ClInclude>
    <ClInclude Include="..\include\avhttp\detail\ssl_stream.hpp">
      <Filter>头文件\avhttp\detail</Filter>
    </ClInclude>
    <ClInclude Include="..\include\avhttp\multi_download.hpp">
      <Filter>头文件\avhttp</Filter>
    </ClInclude>
    <ClInclude Include="..\include\avhttp\file.hpp">
      <Filter>头文件\avhttp</Filter>
    </ClInclude>
    <ClInclude Include="..\include\avhttp\storage_interface.hpp">
      <Filter>头文件\avhttp</Filter>
    </ClInclude>
    <ClInclude Include="..\include\avhttp\bitfield.hpp">
      <Filter>头文件\avhttp</Filter>
    </ClInclude>
    <ClInclude Include="..\include\avhttp\rangefield.hpp">
      <Filter>头文件\avhttp</Filter>
    </ClInclude>
    <ClInclude Include="..\include\avhttp\detail\escape_string.hpp">
      <Filter>头文件\avhttp\detail</Filter>
    </ClInclude>
    <ClInclude Include="..\include\avhttp\settings.hpp">
      <Filter>头文件\avhttp</Filter>
    </ClInclude>
    <ClInclude Include="..\include\avhttp\detail\io.hpp">
      <Filter>头文件\avhttp\detail</Filter>
    </ClInclude>
  </ItemGroup>
  <ItemGroup>
    <Text Include="ReadMe.txt" />
  </ItemGroup>
  <ItemGroup>
    <ClCompile Include="..\test\sync_proxy_test.cpp">
      <Filter>源文件</Filter>
    </ClCompile>
  </ItemGroup>
</Project>