
Microsoft Visual Studio Solution File, Format Version 12.00
# Visual Studio 2012
Project("{8BC9CEB8-8B4A-11D0-8D11-00A0C91BC942}") = "sync_proxy_test", "sync_proxy_test-vc2012.vcxproj", "{4BD66C1E-20F7-4CDF-AE9A-05C8273077F2}"
EndProject
Global
	GlobalSection(SolutionConfigurationPlatforms) = preSolution
		Debug|Win32 = Debug|Win32
		Release|Win32 = Release|Win32
	EndGlobalSection
	GlobalSection(ProjectConfigurationPlatforms) = postSolution
		{4BD66C1E-20F7-4CDF-AE9A-05C8273077F2}.Debug|Win32.ActiveCfg = Debug|Win32
		{4BD66C1E-20F7-4CDF-AE9A-05C8273077F2}.Debug|Win32.Build.0 = Debug|Win32
		{4BD66C1E-20F7-4CDF-AE9A-05C8273077F2}.Release|Win32.ActiveCfg = Release|Win32
		{4BD66C1E-20F7-4CDF-AE9A-05C8273077F2}.Release|Win32.Build.0 = Release|Win32
	EndGlobalSection
	GlobalSection(SolutionProperties) = preSolution
		HideSolutionNode = FALSE
	EndGlobalSection
EndGlobal
